<?xml version="1.0" encoding="utf-8"?>
<Project ToolsVersion="4.0" xmlns="http://schemas.microsoft.com/developer/msbuild/2003">
  <ItemGroup>
    <Filter Include="Source Files">
      <UniqueIdentifier>{4FC737F1-C7A5-4376-A066-2A32D752A2FF}</UniqueIdentifier>
      <Extensions>cpp;c;cc;cxx;c++;cppm;ixx;def;odl;idl;hpj;bat;asm;asmx</Extensions>
    </Filter>
    <Filter Include="Header Files">
      <UniqueIdentifier>{93995380-89BD-4b04-88EB-625FBE52EBFB}</UniqueIdentifier>
      <Extensions>h;hh;hpp;hxx;h++;hm;inl;inc;ipp;xsd</Extensions>
    </Filter>
    <Filter Include="Resource Files">
      <UniqueIdentifier>{67DA6AB6-F800-4c08-8B7A-83BB121AAD01}</UniqueIdentifier>
      <Extensions>rc;ico;cur;bmp;dlg;rc2;rct;bin;rgs;gif;jpg;jpeg;jpe;resx;tiff;tif;png;wav;mfcribbon-ms</Extensions>
    </Filter>
  </ItemGroup>
  <ItemGroup>
    <ClCompile Include="src\app\glad.c">
      <Filter>Source Files</Filter>
    </ClCompile>
    <ClCompile Include="src\app\main.cpp">
      <Filter>Source Files</Filter>
    </ClCompile>
    <ClCompile Include="src\app\application.cpp">
      <Filter>Source Files</Filter>
    </ClCompile>
    <ClCompile Include="src\core\level\level.cpp">
      <Filter>Source Files</Filter>
    </ClCompile>
    <ClCompile Include="src\core\camera.cpp">
      <Filter>Source Files</Filter>
    </ClCompile>
    <ClCompile Include="src\editor\imgui\imgui.cpp">
      <Filter>Source Files</Filter>
    </ClCompile>
    <ClCompile Include="src\editor\imgui\imgui_draw.cpp">
      <Filter>Source Files</Filter>
    </ClCompile>
    <ClCompile Include="src\editor\imgui\imgui_impl_glfw.cpp">
      <Filter>Source Files</Filter>
    </ClCompile>
    <ClCompile Include="src\editor\imgui\imgui_impl_opengl3.cpp">
      <Filter>Source Files</Filter>
    </ClCompile>
    <ClCompile Include="src\editor\imgui\imgui_widgets.cpp">
      <Filter>Source Files</Filter>
    </ClCompile>
    <ClCompile Include="src\editor\editor.cpp">
      <Filter>Source Files</Filter>
    </ClCompile>
    <ClCompile Include="src\graphics\stb_implementation\stb_implementation.cpp">
      <Filter>Source Files</Filter>
    </ClCompile>
    <ClCompile Include="src\graphics\line_renderer.cpp">
      <Filter>Source Files</Filter>
    </ClCompile>
    <ClCompile Include="src\graphics\renderer.cpp">
      <Filter>Source Files</Filter>
    </ClCompile>
    <ClCompile Include="src\graphics\shader.cpp">
      <Filter>Source Files</Filter>
    </ClCompile>
    <ClCompile Include="src\graphics\shader_program.cpp">
      <Filter>Source Files</Filter>
    </ClCompile>
  </ItemGroup>
  <ItemGroup>
    <Text Include="resources\shaders\textured\fragment.txt" />
    <Text Include="resources\shaders\textured\vertex.txt" />
    <Text Include="resources\shaders\point\vertex.txt" />
    <Text Include="resources\shaders\point\geometry.txt" />
    <Text Include="resources\shaders\point\fragment.txt" />
    <Text Include="resources\shaders\line\fragment.txt" />
    <Text Include="resources\shaders\line\geometry.txt" />
    <Text Include="resources\shaders\line\vertex.txt" />
  </ItemGroup>
  <ItemGroup>
    <Image Include="resources\sprites\smb1_blocks.png">
      <Filter>Resource Files</Filter>
    </Image>
  </ItemGroup>
  <ItemGroup>
    <Library Include="lib\GLFW\glfw3dll.lib" />
  </ItemGroup>
  <ItemGroup>
    <None Include="imgui.ini" />
    <None Include="levels\FirstLevel.lvl" />
    <None Include="levels\Filled.lvl" />
    <None Include="levels\SomeOtherLevel.lvl" />
    <None Include="resources\files\sprites.json" />
    <None Include="resources\files\texture_atlas.json" />
    <None Include="resources\files\texture_atlas.xlsx" />
    <None Include="resources\files\editor.xlsx" />
    <None Include="resources\files\editor_config.json" />
    <None Include="resources\files\data.xlsm" />
  </ItemGroup>
  <ItemGroup>
    <ClInclude Include="src\app\application.h">
      <Filter>Header Files</Filter>
    </ClInclude>
    <ClInclude Include="src\core\level\collider\collider.h">
      <Filter>Header Files</Filter>
    </ClInclude>
    <ClInclude Include="src\core\level\entity\bowser.h">
      <Filter>Header Files</Filter>
    </ClInclude>
    <ClInclude Include="src\core\level\entity\entity.h">
      <Filter>Header Files</Filter>
    </ClInclude>
    <ClInclude Include="src\core\level\entity\entity_pkg.h">
      <Filter>Header Files</Filter>
    </ClInclude>
    <ClInclude Include="src\core\level\entity\goomba.h">
      <Filter>Header Files</Filter>
    </ClInclude>
    <ClInclude Include="src\core\level\entity\koopa.h">
      <Filter>Header Files</Filter>
    </ClInclude>
    <ClInclude Include="src\core\level\entity\player.h">
      <Filter>Header Files</Filter>
    </ClInclude>
    <ClInclude Include="src\core\level\tile\tile.h">
      <Filter>Header Files</Filter>
    </ClInclude>
    <ClInclude Include="src\core\level\level.h">
      <Filter>Header Files</Filter>
    </ClInclude>
    <ClInclude Include="src\core\level\quad.h">
      <Filter>Header Files</Filter>
    </ClInclude>
    <ClInclude Include="src\core\level\quadtree.h">
      <Filter>Header Files</Filter>
    </ClInclude>
    <ClInclude Include="src\core\level\quadtree_impl.h">
      <Filter>Header Files</Filter>
    </ClInclude>
    <ClInclude Include="src\core\camera.h">
      <Filter>Header Files</Filter>
    </ClInclude>
    <ClInclude Include="src\core\controller.h">
      <Filter>Header Files</Filter>
    </ClInclude>
    <ClInclude Include="src\core\hitbox.h">
      <Filter>Header Files</Filter>
    </ClInclude>
    <ClInclude Include="src\core\json.h">
      <Filter>Header Files</Filter>
    </ClInclude>
    <ClInclude Include="src\core\serializer.h">
      <Filter>Header Files</Filter>
    </ClInclude>
    <ClInclude Include="src\core\transform.h">
      <Filter>Header Files</Filter>
    </ClInclude>
    <ClInclude Include="src\editor\imgui\imconfig.h">
      <Filter>Header Files</Filter>
    </ClInclude>
    <ClInclude Include="src\editor\imgui\imgui.h">
      <Filter>Header Files</Filter>
    </ClInclude>
    <ClInclude Include="src\editor\imgui\imgui_impl_glfw.h">
      <Filter>Header Files</Filter>
    </ClInclude>
    <ClInclude Include="src\editor\imgui\imgui_impl_opengl3.h">
      <Filter>Header Files</Filter>
    </ClInclude>
    <ClInclude Include="src\editor\imgui\imgui_internal.h">
      <Filter>Header Files</Filter>
    </ClInclude>
    <ClInclude Include="src\editor\imgui\imstb_rectpack.h">
      <Filter>Header Files</Filter>
    </ClInclude>
    <ClInclude Include="src\editor\imgui\imstb_textedit.h">
      <Filter>Header Files</Filter>
    </ClInclude>
    <ClInclude Include="src\editor\imgui\imstb_truetype.h">
      <Filter>Header Files</Filter>
    </ClInclude>
    <ClInclude Include="src\editor\editor.h">
      <Filter>Header Files</Filter>
    </ClInclude>
    <ClInclude Include="src\graphics\animator.h">
      <Filter>Header Files</Filter>
    </ClInclude>
    <ClInclude Include="src\graphics\line_renderer.h">
      <Filter>Header Files</Filter>
    </ClInclude>
    <ClInclude Include="src\graphics\particle.h">
      <Filter>Header Files</Filter>
    </ClInclude>
    <ClInclude Include="src\graphics\renderer.h">
      <Filter>Header Files</Filter>
    </ClInclude>
    <ClInclude Include="src\graphics\shader.h">
      <Filter>Header Files</Filter>
    </ClInclude>
    <ClInclude Include="src\graphics\shader_program.h">
      <Filter>Header Files</Filter>
    </ClInclude>
    <ClInclude Include="src\graphics\sprite.h">
      <Filter>Header Files</Filter>
    </ClInclude>
    <ClInclude Include="src\graphics\sprite_sheet.h">
      <Filter>Header Files</Filter>
    </ClInclude>
    <ClInclude Include="src\graphics\vertex.h">
      <Filter>Header Files</Filter>
    </ClInclude>
    <ClInclude Include="src\core\level\tile_entity\tile_entity.h">
      <Filter>Header Files</Filter>
    </ClInclude>
    <ClInclude Include="src\editor\selection.h">
      <Filter>Header Files</Filter>
    </ClInclude>
  </ItemGroup>
</Project>